Microsoft Visual Studio Solution File, Format Version 12.00
# Visual Studio Version 17
VisualStudioVersion = 17.5.2.0
MinimumVisualStudioVersion = 10.0.40219.1
Project("{FAE04EC0-301F-11D3-BF4B-00C04F79EFBC}") = "CanopyGame", "CanopyGame\CanopyGame.csproj", "{041AB782-657A-35A6-BE49-DF99955E3A63}"
EndProject
Global
	GlobalSection(SolutionConfigurationPlatforms) = preSolution
		Debug|Any CPU = Debug|Any CPU
		Release|Any CPU = Release|Any CPU
	EndGlobalSection
	GlobalSection(ProjectConfigurationPlatforms) = postSolution
		{041AB782-657A-35A6-BE49-DF99955E3A63}.Debug|Any CPU.ActiveCfg = Debug|Any CPU
		{041AB782-657A-35A6-BE49-DF99955E3A63}.Debug|Any CPU.Build.0 = Debug|Any CPU
		{041AB782-657A-35A6-BE49-DF99955E3A63}.Release|Any CPU.ActiveCfg = Release|Any CPU
		{041AB782-657A-35A6-BE49-DF99955E3A63}.Release|Any CPU.Build.0 = Release|Any CPU
	EndGlobalSection
	GlobalSection(SolutionProperties) = preSolution
		HideSolutionNode = FALSE
	EndGlobalSection
	GlobalSection(ExtensibilityGlobals) = postSolution
		SolutionGuid = {16B1E92B-48B5-4066-9441-05AE3CA08ED1}
	EndGlobalSection
EndGlobal
